Microsoft Visual Studio Solution File, Format Version 12.00
# Visual Studio Version 17
VisualStudioVersion = 17.5.2.0
MinimumVisualStudioVersion = 10.0.40219.1
Project("{FAE04EC0-301F-11D3-BF4B-00C04F79EFBC}") = "ExceptionConsoledemo", "ExceptionConsoledemo\ExceptionConsoledemo.csproj", "{660F08E4-784A-1848-8184-BC388F45DD9A}"
EndProject
Global
	GlobalSection(SolutionConfigurationPlatforms) = preSolution
		Debug|Any CPU = Debug|Any CPU
		Release|Any CPU = Release|Any CPU
	EndGlobalSection
	GlobalSection(ProjectConfigurationPlatforms) = postSolution
		{660F08E4-784A-1848-8184-BC388F45DD9A}.Debug|Any CPU.ActiveCfg = Debug|Any CPU
		{660F08E4-784A-1848-8184-BC388F45DD9A}.Debug|Any CPU.Build.0 = Debug|Any CPU
		{660F08E4-784A-1848-8184-BC388F45DD9A}.Release|Any CPU.ActiveCfg = Release|Any CPU
		{660F08E4-784A-1848-8184-BC388F45DD9A}.Release|Any CPU.Build.0 = Release|Any CPU
	EndGlobalSection
	GlobalSection(SolutionProperties) = preSolution
		HideSolutionNode = FALSE
	EndGlobalSection
	GlobalSection(ExtensibilityGlobals) = postSolution
		SolutionGuid = {BC0A5CCC-69BA-4288-AD35-37223D0BD2D4}
	EndGlobalSection
EndGlobal
